// !$*UTF8*$!
{
	archiveVersion = 1;
	classes = {
	};
	objectVersion = 56;
	objects = {

/* Begin PBXBuildFile section */
		69004E282AD5C7A100954749 /* TMBDApp.swift in Sources */ = {isa = PBXBuildFile; fileRef = 69004E272AD5C7A100954749 /* TMBDApp.swift */; };
		69004E2A2AD5C7A100954749 /* ContentView.swift in Sources */ = {isa = PBXBuildFile; fileRef = 69004E292AD5C7A100954749 /* ContentView.swift */; };
		69004E2C2AD5C7A200954749 /* Assets.xcassets in Resources */ = {isa = PBXBuildFile; fileRef = 69004E2B2AD5C7A200954749 /* Assets.xcassets */; };
		69004E2F2AD5C7A200954749 /* Preview Assets.xcassets in Resources */ = {isa = PBXBuildFile; fileRef = 69004E2E2AD5C7A200954749 /* Preview Assets.xcassets */; };
		69004E392AD5C7A200954749 /* TMBDTests.swift in Sources */ = {isa = PBXBuildFile; fileRef = 69004E382AD5C7A200954749 /* TMBDTests.swift */; };
		69004E432AD5C7A200954749 /* TMBDUITests.swift in Sources */ = {isa = PBXBuildFile; fileRef = 69004E422AD5C7A200954749 /* TMBDUITests.swift */; };
		69004E452AD5C7A200954749 /* TMBDUITestsLaunchTests.swift in Sources */ = {isa = PBXBuildFile; fileRef = 69004E442AD5C7A200954749 /* TMBDUITestsLaunchTests.swift */; };
		69004E5C2AD5C8DF00954749 /* MovieModel.swift in Sources */ = {isa = PBXBuildFile; fileRef = 69004E5B2AD5C8DF00954749 /* MovieModel.swift */; };
		69004E5E2AD5CA0A00954749 /* NetworkApiService.swift in Sources */ = {isa = PBXBuildFile; fileRef = 69004E5D2AD5CA0A00954749 /* NetworkApiService.swift */; };
		69004E612AD5CA2B00954749 /* Alamofire in Frameworks */ = {isa = PBXBuildFile; productRef = 69004E602AD5CA2B00954749 /* Alamofire */; };
		69004E642AD5CA3F00954749 /* SDWebImageSwiftUI in Frameworks */ = {isa = PBXBuildFile; productRef = 69004E632AD5CA3F00954749 /* SDWebImageSwiftUI */; };
		69004E662AD5CA7C00954749 /* MovieRepository.swift in Sources */ = {isa = PBXBuildFile; fileRef = 69004E652AD5CA7C00954749 /* MovieRepository.swift */; };
		69004E682AD5CB8900954749 /* MovieUseCase.swift in Sources */ = {isa = PBXBuildFile; fileRef = 69004E672AD5CB8900954749 /* MovieUseCase.swift */; };
		69004E6B2AD5CC2800954749 /* MovieViewModel.swift in Sources */ = {isa = PBXBuildFile; fileRef = 69004E6A2AD5CC2800954749 /* MovieViewModel.swift */; };
		69004E6D2AD5CD0900954749 /* MovieList.swift in Sources */ = {isa = PBXBuildFile; fileRef = 69004E6C2AD5CD0900954749 /* MovieList.swift */; };
		69004E702AD5EA5D00954749 /* MovieCard.swift in Sources */ = {isa = PBXBuildFile; fileRef = 69004E6F2AD5EA5D00954749 /* MovieCard.swift */; };
		69004E722AD5EB9200954749 /* MovieDetailView.swift in Sources */ = {isa = PBXBuildFile; fileRef = 69004E712AD5EB9200954749 /* MovieDetailView.swift */; };
		690F0FC82B4A106500480E90 /* StarRating.swift in Sources */ = {isa = PBXBuildFile; fileRef = 690F0FC72B4A106500480E90 /* StarRating.swift */; };
		6938AFC22B4F440F00050FCF /* MovieRec.swift in Sources */ = {isa = PBXBuildFile; fileRef = 6938AFC12B4F440F00050FCF /* MovieRec.swift */; };
		693D18542B4CA96900E7B4AE /* CreditModel.swift in Sources */ = {isa = PBXBuildFile; fileRef = 693D18532B4CA96900E7B4AE /* CreditModel.swift */; };
		693D18562B4CBB6F00E7B4AE /* CastCard.swift in Sources */ = {isa = PBXBuildFile; fileRef = 693D18552B4CBB6F00E7B4AE /* CastCard.swift */; };
		693D18582B4CC97100E7B4AE /* CrewCard.swift in Sources */ = {isa = PBXBuildFile; fileRef = 693D18572B4CC97100E7B4AE /* CrewCard.swift */; };
		69469E2E2B5311B8007F9CA0 /* TVDetailView.swift in Sources */ = {isa = PBXBuildFile; fileRef = 69469E2D2B5311B8007F9CA0 /* TVDetailView.swift */; };
		69469E302B53157E007F9CA0 /* TVRec.swift in Sources */ = {isa = PBXBuildFile; fileRef = 69469E2F2B53157D007F9CA0 /* TVRec.swift */; };
		69469E372B531DE3007F9CA0 /* DetailTVModel.swift in Sources */ = {isa = PBXBuildFile; fileRef = 69469E362B531DE3007F9CA0 /* DetailTVModel.swift */; };
		69469E3B2B535402007F9CA0 /* TVEpisodes.swift in Sources */ = {isa = PBXBuildFile; fileRef = 69469E3A2B535402007F9CA0 /* TVEpisodes.swift */; };
		69469E3D2B535AEC007F9CA0 /* CreatedByCard.swift in Sources */ = {isa = PBXBuildFile; fileRef = 69469E3C2B535AEC007F9CA0 /* CreatedByCard.swift */; };
		6950EEBE2B1D4F63004A04DA /* Tab.swift in Sources */ = {isa = PBXBuildFile; fileRef = 6950EEBD2B1D4F63004A04DA /* Tab.swift */; };
		6950EEC02B1D50C8004A04DA /* TabBar.swift in Sources */ = {isa = PBXBuildFile; fileRef = 6950EEBF2B1D50C8004A04DA /* TabBar.swift */; };
		6952978D2B51EB6300C7D322 /* TVModel.swift in Sources */ = {isa = PBXBuildFile; fileRef = 6952978C2B51EB6300C7D322 /* TVModel.swift */; };
		6952978F2B51EC7300C7D322 /* TVRepository.swift in Sources */ = {isa = PBXBuildFile; fileRef = 6952978E2B51EC7300C7D322 /* TVRepository.swift */; };
		695297912B51EDD500C7D322 /* TVUseCase.swift in Sources */ = {isa = PBXBuildFile; fileRef = 695297902B51EDD500C7D322 /* TVUseCase.swift */; };
		695297932B51EF5300C7D322 /* TVViewModel.swift in Sources */ = {isa = PBXBuildFile; fileRef = 695297922B51EF5300C7D322 /* TVViewModel.swift */; };
		695297952B51F14C00C7D322 /* TVList.swift in Sources */ = {isa = PBXBuildFile; fileRef = 695297942B51F14C00C7D322 /* TVList.swift */; };
		695297972B51F1E200C7D322 /* TVCard.swift in Sources */ = {isa = PBXBuildFile; fileRef = 695297962B51F1E200C7D322 /* TVCard.swift */; };
		69572CF82B50CB6F004AB403 /* ProfileView.swift in Sources */ = {isa = PBXBuildFile; fileRef = 69572CF72B50CB6F004AB403 /* ProfileView.swift */; };
		69572CFA2B50CBAF004AB403 /* ProfileViewModel.swift in Sources */ = {isa = PBXBuildFile; fileRef = 69572CF92B50CBAF004AB403 /* ProfileViewModel.swift */; };
		6975EFFE2B227B1700FD05A7 /* TabShape.swift in Sources */ = {isa = PBXBuildFile; fileRef = 6975EFFD2B227B1700FD05A7 /* TabShape.swift */; };
		6975F0002B2280DA00FD05A7 /* TabPosition.swift in Sources */ = {isa = PBXBuildFile; fileRef = 6975EFFF2B2280DA00FD05A7 /* TabPosition.swift */; };
		69831DB52B23DB6D00A3D61F /* Genres.swift in Sources */ = {isa = PBXBuildFile; fileRef = 69831DB42B23DB6D00A3D61F /* Genres.swift */; };
		69831DB72B23DDC200A3D61F /* DetailMovieModel.swift in Sources */ = {isa = PBXBuildFile; fileRef = 69831DB62B23DDC200A3D61F /* DetailMovieModel.swift */; };
		69A8C2D92B54645F00D6E61D /* SeasonCard.swift in Sources */ = {isa = PBXBuildFile; fileRef = 69A8C2D82B54645F00D6E61D /* SeasonCard.swift */; };
		69A8C2DB2B548AB300D6E61D /* SeasonDetail.swift in Sources */ = {isa = PBXBuildFile; fileRef = 69A8C2DA2B548AB300D6E61D /* SeasonDetail.swift */; };
		69E411952B4B6AFA00E7EF3C /* Runtime.swift in Sources */ = {isa = PBXBuildFile; fileRef = 69E411942B4B6AFA00E7EF3C /* Runtime.swift */; };
		69E411972B4B735D00E7EF3C /* Date.swift in Sources */ = {isa = PBXBuildFile; fileRef = 69E411962B4B735D00E7EF3C /* Date.swift */; };
		69E4119A2B4B796E00E7EF3C /* ViewButtons.swift in Sources */ = {isa = PBXBuildFile; fileRef = 69E411992B4B796E00E7EF3C /* ViewButtons.swift */; };
		69FBF16B2B50758E00CAE9A7 /* LoginView.swift in Sources */ = {isa = PBXBuildFile; fileRef = 69FBF16A2B50758D00CAE9A7 /* LoginView.swift */; };
		69FBF16E2B5075C900CAE9A7 /* FlowStacks in Frameworks */ = {isa = PBXBuildFile; productRef = 69FBF16D2B5075C900CAE9A7 /* FlowStacks */; };
		69FBF1712B50798E00CAE9A7 /* LocalService.swift in Sources */ = {isa = PBXBuildFile; fileRef = 69FBF1702B50798E00CAE9A7 /* LocalService.swift */; };
		69FBF1732B507A4900CAE9A7 /* UserRepository.swift in Sources */ = {isa = PBXBuildFile; fileRef = 69FBF1722B507A4900CAE9A7 /* UserRepository.swift */; };
		69FBF1752B507AFC00CAE9A7 /* UserUseCase.swift in Sources */ = {isa = PBXBuildFile; fileRef = 69FBF1742B507AFC00CAE9A7 /* UserUseCase.swift */; };
		69FBF1792B507B5100CAE9A7 /* LoginViewModel.swift in Sources */ = {isa = PBXBuildFile; fileRef = 69FBF1782B507B5100CAE9A7 /* LoginViewModel.swift */; };
		69FBF17B2B507C9300CAE9A7 /* CoordinatorView.swift in Sources */ = {isa = PBXBuildFile; fileRef = 69FBF17A2B507C9300CAE9A7 /* CoordinatorView.swift */; };
/* End PBXBuildFile section */

/* Begin PBXContainerItemProxy section */
		69004E352AD5C7A200954749 /* PBXContainerItemProxy */ = {
			isa = PBXContainerItemProxy;
			containerPortal = 69004E1C2AD5C7A100954749 /* Project object */;
			proxyType = 1;
			remoteGlobalIDString = 69004E232AD5C7A100954749;
			remoteInfo = TMBD;
		};
		69004E3F2AD5C7A200954749 /* PBXContainerItemProxy */ = {
			isa = PBXContainerItemProxy;
			containerPortal = 69004E1C2AD5C7A100954749 /* Project object */;
			proxyType = 1;
			remoteGlobalIDString = 69004E232AD5C7A100954749;
			remoteInfo = TMBD;
		};
/* End PBXContainerItemProxy section */

/* Begin PBXFileReference section */
		69004E242AD5C7A100954749 /* TMBD.app */ = {isa = PBXFileReference; explicitFileType = wrapper.application; includeInIndex = 0; path = TMBD.app; sourceTree = BUILT_PRODUCTS_DIR; };
		69004E272AD5C7A100954749 /* TMBDApp.swift */ = {isa = PBXFileReference; lastKnownFileType = sourcecode.swift; path = TMBDApp.swift; sourceTree = "<group>"; };
		69004E292AD5C7A100954749 /* ContentView.swift */ = {isa = PBXFileReference; lastKnownFileType = sourcecode.swift; path = ContentView.swift; sourceTree = "<group>"; };
		69004E2B2AD5C7A200954749 /* Assets.xcassets */ = {isa = PBXFileReference; lastKnownFileType = folder.assetcatalog; path = Assets.xcassets; sourceTree = "<group>"; };
		69004E2E2AD5C7A200954749 /* Preview Assets.xcassets */ = {isa = PBXFileReference; lastKnownFileType = folder.assetcatalog; path = "Preview Assets.xcassets"; sourceTree = "<group>"; };
		69004E342AD5C7A200954749 /* TMBDTests.xctest */ = {isa = PBXFileReference; explicitFileType = wrapper.cfbundle; includeInIndex = 0; path = TMBDTests.xctest; sourceTree = BUILT_PRODUCTS_DIR; };
		69004E382AD5C7A200954749 /* TMBDTests.swift */ = {isa = PBXFileReference; lastKnownFileType = sourcecode.swift; path = TMBDTests.swift; sourceTree = "<group>"; };
		69004E3E2AD5C7A200954749 /* TMBDUITests.xctest */ = {isa = PBXFileReference; explicitFileType = wrapper.cfbundle; includeInIndex = 0; path = TMBDUITests.xctest; sourceTree = BUILT_PRODUCTS_DIR; };
		69004E422AD5C7A200954749 /* TMBDUITests.swift */ = {isa = PBXFileReference; lastKnownFileType = sourcecode.swift; path = TMBDUITests.swift; sourceTree = "<group>"; };
		69004E442AD5C7A200954749 /* TMBDUITestsLaunchTests.swift */ = {isa = PBXFileReference; lastKnownFileType = sourcecode.swift; path = TMBDUITestsLaunchTests.swift; sourceTree = "<group>"; };
		69004E5B2AD5C8DF00954749 /* MovieModel.swift */ = {isa = PBXFileReference; lastKnownFileType = sourcecode.swift; path = MovieModel.swift; sourceTree = "<group>"; };
		69004E5D2AD5CA0A00954749 /* NetworkApiService.swift */ = {isa = PBXFileReference; lastKnownFileType = sourcecode.swift; path = NetworkApiService.swift; sourceTree = "<group>"; };
		69004E652AD5CA7C00954749 /* MovieRepository.swift */ = {isa = PBXFileReference; lastKnownFileType = sourcecode.swift; path = MovieRepository.swift; sourceTree = "<group>"; };
		69004E672AD5CB8900954749 /* MovieUseCase.swift */ = {isa = PBXFileReference; lastKnownFileType = sourcecode.swift; path = MovieUseCase.swift; sourceTree = "<group>"; };
		69004E6A2AD5CC2800954749 /* MovieViewModel.swift */ = {isa = PBXFileReference; lastKnownFileType = sourcecode.swift; path = MovieViewModel.swift; sourceTree = "<group>"; };
		69004E6C2AD5CD0900954749 /* MovieList.swift */ = {isa = PBXFileReference; lastKnownFileType = sourcecode.swift; path = MovieList.swift; sourceTree = "<group>"; };
		69004E6F2AD5EA5D00954749 /* MovieCard.swift */ = {isa = PBXFileReference; lastKnownFileType = sourcecode.swift; path = MovieCard.swift; sourceTree = "<group>"; };
		69004E712AD5EB9200954749 /* MovieDetailView.swift */ = {isa = PBXFileReference; lastKnownFileType = sourcecode.swift; path = MovieDetailView.swift; sourceTree = "<group>"; };
		690F0FC72B4A106500480E90 /* StarRating.swift */ = {isa = PBXFileReference; lastKnownFileType = sourcecode.swift; path = StarRating.swift; sourceTree = "<group>"; };
		6938AFC12B4F440F00050FCF /* MovieRec.swift */ = {isa = PBXFileReference; lastKnownFileType = sourcecode.swift; path = MovieRec.swift; sourceTree = "<group>"; };
		693D18532B4CA96900E7B4AE /* CreditModel.swift */ = {isa = PBXFileReference; lastKnownFileType = sourcecode.swift; path = CreditModel.swift; sourceTree = "<group>"; };
		693D18552B4CBB6F00E7B4AE /* CastCard.swift */ = {isa = PBXFileReference; lastKnownFileType = sourcecode.swift; path = CastCard.swift; sourceTree = "<group>"; };
		693D18572B4CC97100E7B4AE /* CrewCard.swift */ = {isa = PBXFileReference; lastKnownFileType = sourcecode.swift; path = CrewCard.swift; sourceTree = "<group>"; };
		69469E2D2B5311B8007F9CA0 /* TVDetailView.swift */ = {isa = PBXFileReference; lastKnownFileType = sourcecode.swift; path = TVDetailView.swift; sourceTree = "<group>"; };
		69469E2F2B53157D007F9CA0 /* TVRec.swift */ = {isa = PBXFileReference; lastKnownFileType = sourcecode.swift; path = TVRec.swift; sourceTree = "<group>"; };
		69469E362B531DE3007F9CA0 /* DetailTVModel.swift */ = {isa = PBXFileReference; lastKnownFileType = sourcecode.swift; path = DetailTVModel.swift; sourceTree = "<group>"; };
		69469E3A2B535402007F9CA0 /* TVEpisodes.swift */ = {isa = PBXFileReference; lastKnownFileType = sourcecode.swift; path = TVEpisodes.swift; sourceTree = "<group>"; };
		69469E3C2B535AEC007F9CA0 /* CreatedByCard.swift */ = {isa = PBXFileReference; lastKnownFileType = sourcecode.swift; path = CreatedByCard.swift; sourceTree = "<group>"; };
		6950EEBD2B1D4F63004A04DA /* Tab.swift */ = {isa = PBXFileReference; lastKnownFileType = sourcecode.swift; path = Tab.swift; sourceTree = "<group>"; };
		6950EEBF2B1D50C8004A04DA /* TabBar.swift */ = {isa = PBXFileReference; lastKnownFileType = sourcecode.swift; path = TabBar.swift; sourceTree = "<group>"; };
		6952978C2B51EB6300C7D322 /* TVModel.swift */ = {isa = PBXFileReference; lastKnownFileType = sourcecode.swift; path = TVModel.swift; sourceTree = "<group>"; };
		6952978E2B51EC7300C7D322 /* TVRepository.swift */ = {isa = PBXFileReference; lastKnownFileType = sourcecode.swift; path = TVRepository.swift; sourceTree = "<group>"; };
		695297902B51EDD500C7D322 /* TVUseCase.swift */ = {isa = PBXFileReference; lastKnownFileType = sourcecode.swift; path = TVUseCase.swift; sourceTree = "<group>"; };
		695297922B51EF5300C7D322 /* TVViewModel.swift */ = {isa = PBXFileReference; lastKnownFileType = sourcecode.swift; path = TVViewModel.swift; sourceTree = "<group>"; };
		695297942B51F14C00C7D322 /* TVList.swift */ = {isa = PBXFileReference; lastKnownFileType = sourcecode.swift; path = TVList.swift; sourceTree = "<group>"; };
		695297962B51F1E200C7D322 /* TVCard.swift */ = {isa = PBXFileReference; lastKnownFileType = sourcecode.swift; path = TVCard.swift; sourceTree = "<group>"; };
		69572CF72B50CB6F004AB403 /* ProfileView.swift */ = {isa = PBXFileReference; lastKnownFileType = sourcecode.swift; path = ProfileView.swift; sourceTree = "<group>"; };
		69572CF92B50CBAF004AB403 /* ProfileViewModel.swift */ = {isa = PBXFileReference; lastKnownFileType = sourcecode.swift; path = ProfileViewModel.swift; sourceTree = "<group>"; };
		6975EFFD2B227B1700FD05A7 /* TabShape.swift */ = {isa = PBXFileReference; lastKnownFileType = sourcecode.swift; path = TabShape.swift; sourceTree = "<group>"; };
		6975EFFF2B2280DA00FD05A7 /* TabPosition.swift */ = {isa = PBXFileReference; lastKnownFileType = sourcecode.swift; path = TabPosition.swift; sourceTree = "<group>"; };
		69831DB42B23DB6D00A3D61F /* Genres.swift */ = {isa = PBXFileReference; lastKnownFileType = sourcecode.swift; path = Genres.swift; sourceTree = "<group>"; };
		69831DB62B23DDC200A3D61F /* DetailMovieModel.swift */ = {isa = PBXFileReference; lastKnownFileType = sourcecode.swift; path = DetailMovieModel.swift; sourceTree = "<group>"; };
		69A8C2D82B54645F00D6E61D /* SeasonCard.swift */ = {isa = PBXFileReference; lastKnownFileType = sourcecode.swift; path = SeasonCard.swift; sourceTree = "<group>"; };
		69A8C2DA2B548AB300D6E61D /* SeasonDetail.swift */ = {isa = PBXFileReference; lastKnownFileType = sourcecode.swift; path = SeasonDetail.swift; sourceTree = "<group>"; };
		69E411942B4B6AFA00E7EF3C /* Runtime.swift */ = {isa = PBXFileReference; lastKnownFileType = sourcecode.swift; path = Runtime.swift; sourceTree = "<group>"; };
		69E411962B4B735D00E7EF3C /* Date.swift */ = {isa = PBXFileReference; lastKnownFileType = sourcecode.swift; path = Date.swift; sourceTree = "<group>"; };
		69E411992B4B796E00E7EF3C /* ViewButtons.swift */ = {isa = PBXFileReference; lastKnownFileType = sourcecode.swift; path = ViewButtons.swift; sourceTree = "<group>"; };
		69FBF16A2B50758D00CAE9A7 /* LoginView.swift */ = {isa = PBXFileReference; lastKnownFileType = sourcecode.swift; path = LoginView.swift; sourceTree = "<group>"; };
		69FBF1702B50798E00CAE9A7 /* LocalService.swift */ = {isa = PBXFileReference; lastKnownFileType = sourcecode.swift; path = LocalService.swift; sourceTree = "<group>"; };
		69FBF1722B507A4900CAE9A7 /* UserRepository.swift */ = {isa = PBXFileReference; lastKnownFileType = sourcecode.swift; path = UserRepository.swift; sourceTree = "<group>"; };
		69FBF1742B507AFC00CAE9A7 /* UserUseCase.swift */ = {isa = PBXFileReference; lastKnownFileType = sourcecode.swift; path = UserUseCase.swift; sourceTree = "<group>"; };
		69FBF1782B507B5100CAE9A7 /* LoginViewModel.swift */ = {isa = PBXFileReference; lastKnownFileType = sourcecode.swift; path = LoginViewModel.swift; sourceTree = "<group>"; };
		69FBF17A2B507C9300CAE9A7 /* CoordinatorView.swift */ = {isa = PBXFileReference; lastKnownFileType = sourcecode.swift; path = CoordinatorView.swift; sourceTree = "<group>"; };
/* End PBXFileReference section */

/* Begin PBXFrameworksBuildPhase section */
		69004E212AD5C7A100954749 /* Frameworks */ = {
			isa = PBXFrameworksBuildPhase;
			buildActionMask = 2147483647;
			files = (
				69004E642AD5CA3F00954749 /* SDWebImageSwiftUI in Frameworks */,
				69004E612AD5CA2B00954749 /* Alamofire in Frameworks */,
				69FBF16E2B5075C900CAE9A7 /* FlowStacks in Frameworks */,
			);
			runOnlyForDeploymentPostprocessing = 0;
		};
		69004E312AD5C7A200954749 /* Frameworks */ = {
			isa = PBXFrameworksBuildPhase;
			buildActionMask = 2147483647;
			files = (
			);
			runOnlyForDeploymentPostprocessing = 0;
		};
		69004E3B2AD5C7A200954749 /* Frameworks */ = {
			isa = PBXFrameworksBuildPhase;
			buildActionMask = 2147483647;
			files = (
			);
			runOnlyForDeploymentPostprocessing = 0;
		};
/* End PBXFrameworksBuildPhase section */

/* Begin PBXGroup section */
		69004E1B2AD5C7A100954749 = {
			isa = PBXGroup;
			children = (
				69004E262AD5C7A100954749 /* TMBD */,
				69004E372AD5C7A200954749 /* TMBDTests */,
				69004E412AD5C7A200954749 /* TMBDUITests */,
				69004E252AD5C7A100954749 /* Products */,
			);
			sourceTree = "<group>";
		};
		69004E252AD5C7A100954749 /* Products */ = {
			isa = PBXGroup;
			children = (
				69004E242AD5C7A100954749 /* TMBD.app */,
				69004E342AD5C7A200954749 /* TMBDTests.xctest */,
				69004E3E2AD5C7A200954749 /* TMBDUITests.xctest */,
			);
			name = Products;
			sourceTree = "<group>";
		};
		69004E262AD5C7A100954749 /* TMBD */ = {
			isa = PBXGroup;
			children = (
				69004E562AD5C85200954749 /* Framework */,
				69004E542AD5C82C00954749 /* Domain */,
				69004E512AD5C7C800954749 /* Data */,
				69004E272AD5C7A100954749 /* TMBDApp.swift */,
				69004E2B2AD5C7A200954749 /* Assets.xcassets */,
				69004E2D2AD5C7A200954749 /* Preview Content */,
			);
			path = TMBD;
			sourceTree = "<group>";
		};
		69004E2D2AD5C7A200954749 /* Preview Content */ = {
			isa = PBXGroup;
			children = (
				69004E2E2AD5C7A200954749 /* Preview Assets.xcassets */,
			);
			path = "Preview Content";
			sourceTree = "<group>";
		};
		69004E372AD5C7A200954749 /* TMBDTests */ = {
			isa = PBXGroup;
			children = (
				69004E382AD5C7A200954749 /* TMBDTests.swift */,
			);
			path = TMBDTests;
			sourceTree = "<group>";
		};
		69004E412AD5C7A200954749 /* TMBDUITests */ = {
			isa = PBXGroup;
			children = (
				69004E422AD5C7A200954749 /* TMBDUITests.swift */,
				69004E442AD5C7A200954749 /* TMBDUITestsLaunchTests.swift */,
			);
			path = TMBDUITests;
			sourceTree = "<group>";
		};
		69004E512AD5C7C800954749 /* Data */ = {
			isa = PBXGroup;
			children = (
				69004E552AD5C84500954749 /* Repository */,
				69004E522AD5C7D900954749 /* Models */,
			);
			path = Data;
			sourceTree = "<group>";
		};
		69004E522AD5C7D900954749 /* Models */ = {
			isa = PBXGroup;
			children = (
				69FBF16F2B50797B00CAE9A7 /* Local */,
				69004E532AD5C7E500954749 /* Network */,
				69004E5B2AD5C8DF00954749 /* MovieModel.swift */,
				69831DB62B23DDC200A3D61F /* DetailMovieModel.swift */,
				693D18532B4CA96900E7B4AE /* CreditModel.swift */,
				6952978C2B51EB6300C7D322 /* TVModel.swift */,
				69469E362B531DE3007F9CA0 /* DetailTVModel.swift */,
				69A8C2DA2B548AB300D6E61D /* SeasonDetail.swift */,
			);
			path = Models;
			sourceTree = "<group>";
		};
		69004E532AD5C7E500954749 /* Network */ = {
			isa = PBXGroup;
			children = (
				69004E5D2AD5CA0A00954749 /* NetworkApiService.swift */,
			);
			path = Network;
			sourceTree = "<group>";
		};
		69004E542AD5C82C00954749 /* Domain */ = {
			isa = PBXGroup;
			children = (
				69004E672AD5CB8900954749 /* MovieUseCase.swift */,
				69FBF1742B507AFC00CAE9A7 /* UserUseCase.swift */,
				695297902B51EDD500C7D322 /* TVUseCase.swift */,
			);
			path = Domain;
			sourceTree = "<group>";
		};
		69004E552AD5C84500954749 /* Repository */ = {
			isa = PBXGroup;
			children = (
				69004E652AD5CA7C00954749 /* MovieRepository.swift */,
				69FBF1722B507A4900CAE9A7 /* UserRepository.swift */,
				6952978E2B51EC7300C7D322 /* TVRepository.swift */,
			);
			path = Repository;
			sourceTree = "<group>";
		};
		69004E562AD5C85200954749 /* Framework */ = {
			isa = PBXGroup;
			children = (
				69004E5A2AD5C86C00954749 /* ViewModels */,
				69004E572AD5C85900954749 /* Views */,
			);
			path = Framework;
			sourceTree = "<group>";
		};
		69004E572AD5C85900954749 /* Views */ = {
			isa = PBXGroup;
			children = (
				69469E352B531BBA007F9CA0 /* Main */,
				6950EEBC2B1D4F54004A04DA /* Utils */,
				69004E6E2AD5EA4600954749 /* Components */,
				69004E292AD5C7A100954749 /* ContentView.swift */,
				69FBF17A2B507C9300CAE9A7 /* CoordinatorView.swift */,
				69FBF16A2B50758D00CAE9A7 /* LoginView.swift */,
				69572CF72B50CB6F004AB403 /* ProfileView.swift */,
			);
			path = Views;
			sourceTree = "<group>";
		};
		69004E5A2AD5C86C00954749 /* ViewModels */ = {
			isa = PBXGroup;
			children = (
				69004E6A2AD5CC2800954749 /* MovieViewModel.swift */,
				69FBF1782B507B5100CAE9A7 /* LoginViewModel.swift */,
				69572CF92B50CBAF004AB403 /* ProfileViewModel.swift */,
				695297922B51EF5300C7D322 /* TVViewModel.swift */,
			);
			path = ViewModels;
			sourceTree = "<group>";
		};
		69004E6E2AD5EA4600954749 /* Components */ = {
			isa = PBXGroup;
			children = (
				69469E332B531B2C007F9CA0 /* Extra */,
				69469E322B531B1A007F9CA0 /* TV */,
				69469E312B531B01007F9CA0 /* Movies */,
				6975F0012B2284FD00FD05A7 /* TabBar */,
			);
			path = Components;
			sourceTree = "<group>";
		};
		69469E312B531B01007F9CA0 /* Movies */ = {
			isa = PBXGroup;
			children = (
				69004E6F2AD5EA5D00954749 /* MovieCard.swift */,
				6938AFC12B4F440F00050FCF /* MovieRec.swift */,
			);
			path = Movies;
			sourceTree = "<group>";
		};
		69469E322B531B1A007F9CA0 /* TV */ = {
			isa = PBXGroup;
			children = (
				695297962B51F1E200C7D322 /* TVCard.swift */,
				69469E2F2B53157D007F9CA0 /* TVRec.swift */,
				69A8C2D82B54645F00D6E61D /* SeasonCard.swift */,
			);
			path = TV;
			sourceTree = "<group>";
		};
		69469E332B531B2C007F9CA0 /* Extra */ = {
			isa = PBXGroup;
			children = (
				690F0FC72B4A106500480E90 /* StarRating.swift */,
				69E411992B4B796E00E7EF3C /* ViewButtons.swift */,
				693D18552B4CBB6F00E7B4AE /* CastCard.swift */,
				693D18572B4CC97100E7B4AE /* CrewCard.swift */,
				69469E3C2B535AEC007F9CA0 /* CreatedByCard.swift */,
			);
			path = Extra;
			sourceTree = "<group>";
		};
		69469E352B531BBA007F9CA0 /* Main */ = {
			isa = PBXGroup;
			children = (
				69469E2D2B5311B8007F9CA0 /* TVDetailView.swift */,
				695297942B51F14C00C7D322 /* TVList.swift */,
				69469E3A2B535402007F9CA0 /* TVEpisodes.swift */,
				69004E6C2AD5CD0900954749 /* MovieList.swift */,
				69004E712AD5EB9200954749 /* MovieDetailView.swift */,
			);
			path = Main;
			sourceTree = "<group>";
		};
		6950EEBC2B1D4F54004A04DA /* Utils */ = {
			isa = PBXGroup;
			children = (
				6950EEBD2B1D4F63004A04DA /* Tab.swift */,
				69831DB42B23DB6D00A3D61F /* Genres.swift */,
				69E411942B4B6AFA00E7EF3C /* Runtime.swift */,
				69E411962B4B735D00E7EF3C /* Date.swift */,
			);
			path = Utils;
			sourceTree = "<group>";
		};
		6975F0012B2284FD00FD05A7 /* TabBar */ = {
			isa = PBXGroup;
			children = (
				6950EEBF2B1D50C8004A04DA /* TabBar.swift */,
				6975EFFD2B227B1700FD05A7 /* TabShape.swift */,
				6975EFFF2B2280DA00FD05A7 /* TabPosition.swift */,
			);
			path = TabBar;
			sourceTree = "<group>";
		};
		69FBF16F2B50797B00CAE9A7 /* Local */ = {
			isa = PBXGroup;
			children = (
				69FBF1702B50798E00CAE9A7 /* LocalService.swift */,
			);
			path = Local;
			sourceTree = "<group>";
		};
/* End PBXGroup section */

/* Begin PBXNativeTarget section */
		69004E232AD5C7A100954749 /* TMBD */ = {
			isa = PBXNativeTarget;
			buildConfigurationList = 69004E482AD5C7A200954749 /* Build configuration list for PBXNativeTarget "TMBD" */;
			buildPhases = (
				69004E202AD5C7A100954749 /* Sources */,
				69004E212AD5C7A100954749 /* Frameworks */,
				69004E222AD5C7A100954749 /* Resources */,
			);
			buildRules = (
			);
			dependencies = (
			);
			name = TMBD;
			packageProductDependencies = (
				69004E602AD5CA2B00954749 /* Alamofire */,
				69004E632AD5CA3F00954749 /* SDWebImageSwiftUI */,
				69FBF16D2B5075C900CAE9A7 /* FlowStacks */,
			);
			productName = TMBD;
			productReference = 69004E242AD5C7A100954749 /* TMBD.app */;
			productType = "com.apple.product-type.application";
		};
		69004E332AD5C7A200954749 /* TMBDTests */ = {
			isa = PBXNativeTarget;
			buildConfigurationList = 69004E4B2AD5C7A200954749 /* Build configuration list for PBXNativeTarget "TMBDTests" */;
			buildPhases = (
				69004E302AD5C7A200954749 /* Sources */,
				69004E312AD5C7A200954749 /* Frameworks */,
				69004E322AD5C7A200954749 /* Resources */,
			);
			buildRules = (
			);
			dependencies = (
				69004E362AD5C7A200954749 /* PBXTargetDependency */,
			);
			name = TMBDTests;
			productName = TMBDTests;
			productReference = 69004E342AD5C7A200954749 /* TMBDTests.xctest */;
			productType = "com.apple.product-type.bundle.unit-test";
		};
		69004E3D2AD5C7A200954749 /* TMBDUITests */ = {
			isa = PBXNativeTarget;
			buildConfigurationList = 69004E4E2AD5C7A200954749 /* Build configuration list for PBXNativeTarget "TMBDUITests" */;
			buildPhases = (
				69004E3A2AD5C7A200954749 /* Sources */,
				69004E3B2AD5C7A200954749 /* Frameworks */,
				69004E3C2AD5C7A200954749 /* Resources */,
			);
			buildRules = (
			);
			dependencies = (
				69004E402AD5C7A200954749 /* PBXTargetDependency */,
			);
			name = TMBDUITests;
			productName = TMBDUITests;
			productReference = 69004E3E2AD5C7A200954749 /* TMBDUITests.xctest */;
			productType = "com.apple.product-type.bundle.ui-testing";
		};
/* End PBXNativeTarget section */

/* Begin PBXProject section */
		69004E1C2AD5C7A100954749 /* Project object */ = {
			isa = PBXProject;
			attributes = {
				BuildIndependentTargetsInParallel = 1;
				LastSwiftUpdateCheck = 1500;
				LastUpgradeCheck = 1500;
				TargetAttributes = {
					69004E232AD5C7A100954749 = {
						CreatedOnToolsVersion = 15.0;
					};
					69004E332AD5C7A200954749 = {
						CreatedOnToolsVersion = 15.0;
						TestTargetID = 69004E232AD5C7A100954749;
					};
					69004E3D2AD5C7A200954749 = {
						CreatedOnToolsVersion = 15.0;
						TestTargetID = 69004E232AD5C7A100954749;
					};
				};
			};
			buildConfigurationList = 69004E1F2AD5C7A100954749 /* Build configuration list for PBXProject "TMBD" */;
			compatibilityVersion = "Xcode 14.0";
			developmentRegion = en;
			hasScannedForEncodings = 0;
			knownRegions = (
				en,
				Base,
			);
			mainGroup = 69004E1B2AD5C7A100954749;
			packageReferences = (
				69004E5F2AD5CA2B00954749 /* XCRemoteSwiftPackageReference "Alamofire" */,
				69004E622AD5CA3F00954749 /* XCRemoteSwiftPackageReference "SDWebImageSwiftUI" */,
				69FBF16C2B5075C900CAE9A7 /* XCRemoteSwiftPackageReference "FlowStacks" */,
			);
			productRefGroup = 69004E252AD5C7A100954749 /* Products */;
			projectDirPath = "";
			projectRoot = "";
			targets = (
				69004E232AD5C7A100954749 /* TMBD */,
				69004E332AD5C7A200954749 /* TMBDTests */,
				69004E3D2AD5C7A200954749 /* TMBDUITests */,
			);
		};
/* End PBXProject section */

/* Begin PBXResourcesBuildPhase section */
		69004E222AD5C7A100954749 /* Resources */ = {
			isa = PBXResourcesBuildPhase;
			buildActionMask = 2147483647;
			files = (
				69004E2F2AD5C7A200954749 /* Preview Assets.xcassets in Resources */,
				69004E2C2AD5C7A200954749 /* Assets.xcassets in Resources */,
			);
			runOnlyForDeploymentPostprocessing = 0;
		};
		69004E322AD5C7A200954749 /* Resources */ = {
			isa = PBXResourcesBuildPhase;
			buildActionMask = 2147483647;
			files = (
			);
			runOnlyForDeploymentPostprocessing = 0;
		};
		69004E3C2AD5C7A200954749 /* Resources */ = {
			isa = PBXResourcesBuildPhase;
			buildActionMask = 2147483647;
			files = (
			);
			runOnlyForDeploymentPostprocessing = 0;
		};
/* End PBXResourcesBuildPhase section */

/* Begin PBXSourcesBuildPhase section */
		69004E202AD5C7A100954749 /* Sources */ = {
			isa = PBXSourcesBuildPhase;
			buildActionMask = 2147483647;
			files = (
				6975F0002B2280DA00FD05A7 /* TabPosition.swift in Sources */,
				69FBF17B2B507C9300CAE9A7 /* CoordinatorView.swift in Sources */,
				69A8C2D92B54645F00D6E61D /* SeasonCard.swift in Sources */,
				69A8C2DB2B548AB300D6E61D /* SeasonDetail.swift in Sources */,
				69004E722AD5EB9200954749 /* MovieDetailView.swift in Sources */,
				690F0FC82B4A106500480E90 /* StarRating.swift in Sources */,
				69004E5C2AD5C8DF00954749 /* MovieModel.swift in Sources */,
				69469E372B531DE3007F9CA0 /* DetailTVModel.swift in Sources */,
				695297972B51F1E200C7D322 /* TVCard.swift in Sources */,
				693D18582B4CC97100E7B4AE /* CrewCard.swift in Sources */,
				695297932B51EF5300C7D322 /* TVViewModel.swift in Sources */,
				693D18562B4CBB6F00E7B4AE /* CastCard.swift in Sources */,
				695297912B51EDD500C7D322 /* TVUseCase.swift in Sources */,
				6952978D2B51EB6300C7D322 /* TVModel.swift in Sources */,
				69004E2A2AD5C7A100954749 /* ContentView.swift in Sources */,
				69004E282AD5C7A100954749 /* TMBDApp.swift in Sources */,
				69FBF1752B507AFC00CAE9A7 /* UserUseCase.swift in Sources */,
				69469E3B2B535402007F9CA0 /* TVEpisodes.swift in Sources */,
				69831DB72B23DDC200A3D61F /* DetailMovieModel.swift in Sources */,
				69004E662AD5CA7C00954749 /* MovieRepository.swift in Sources */,
				6952978F2B51EC7300C7D322 /* TVRepository.swift in Sources */,
				69831DB52B23DB6D00A3D61F /* Genres.swift in Sources */,
				69469E2E2B5311B8007F9CA0 /* TVDetailView.swift in Sources */,
				69FBF1732B507A4900CAE9A7 /* UserRepository.swift in Sources */,
				69572CFA2B50CBAF004AB403 /* ProfileViewModel.swift in Sources */,
				69FBF16B2B50758E00CAE9A7 /* LoginView.swift in Sources */,
				6950EEBE2B1D4F63004A04DA /* Tab.swift in Sources */,
				69469E3D2B535AEC007F9CA0 /* CreatedByCard.swift in Sources */,
				69FBF1712B50798E00CAE9A7 /* LocalService.swift in Sources */,
				6938AFC22B4F440F00050FCF /* MovieRec.swift in Sources */,
				69572CF82B50CB6F004AB403 /* ProfileView.swift in Sources */,
				69004E682AD5CB8900954749 /* MovieUseCase.swift in Sources */,
				69004E6B2AD5CC2800954749 /* MovieViewModel.swift in Sources */,
				69004E6D2AD5CD0900954749 /* MovieList.swift in Sources */,
				69004E5E2AD5CA0A00954749 /* NetworkApiService.swift in Sources */,
				69FBF1792B507B5100CAE9A7 /* LoginViewModel.swift in Sources */,
				695297952B51F14C00C7D322 /* TVList.swift in Sources */,
				6950EEC02B1D50C8004A04DA /* TabBar.swift in Sources */,
				6975EFFE2B227B1700FD05A7 /* TabShape.swift in Sources */,
				69469E302B53157E007F9CA0 /* TVRec.swift in Sources */,
				69E411972B4B735D00E7EF3C /* Date.swift in Sources */,
				69E411952B4B6AFA00E7EF3C /* Runtime.swift in Sources */,
				69E4119A2B4B796E00E7EF3C /* ViewButtons.swift in Sources */,
				693D18542B4CA96900E7B4AE /* CreditModel.swift in Sources */,
				69004E702AD5EA5D00954749 /* MovieCard.swift in Sources */,
			);
			runOnlyForDeploymentPostprocessing = 0;
		};
		69004E302AD5C7A200954749 /* Sources */ = {
			isa = PBXSourcesBuildPhase;
			buildActionMask = 2147483647;
			files = (
				69004E392AD5C7A200954749 /* TMBDTests.swift in Sources */,
			);
			runOnlyForDeploymentPostprocessing = 0;
		};
		69004E3A2AD5C7A200954749 /* Sources */ = {
			isa = PBXSourcesBuildPhase;
			buildActionMask = 2147483647;
			files = (
				69004E432AD5C7A200954749 /* TMBDUITests.swift in Sources */,
				69004E452AD5C7A200954749 /* TMBDUITestsLaunchTests.swift in Sources */,
			);
			runOnlyForDeploymentPostprocessing = 0;
		};
/* End PBXSourcesBuildPhase section */

/* Begin PBXTargetDependency section */
		69004E362AD5C7A200954749 /* PBXTargetDependency */ = {
			isa = PBXTargetDependency;
			target = 69004E232AD5C7A100954749 /* TMBD */;
			targetProxy = 69004E352AD5C7A200954749 /* PBXContainerItemProxy */;
		};
		69004E402AD5C7A200954749 /* PBXTargetDependency */ = {
			isa = PBXTargetDependency;
			target = 69004E232AD5C7A100954749 /* TMBD */;
			targetProxy = 69004E3F2AD5C7A200954749 /* PBXContainerItemProxy */;
		};
/* End PBXTargetDependency section */

/* Begin XCBuildConfiguration section */
		69004E462AD5C7A200954749 /* Debug */ = {
			isa = XCBuildConfiguration;
			buildSettings = {
				ALWAYS_SEARCH_USER_PATHS = NO;
				ASSETCATALOG_COMPILER_GENERATE_SWIFT_ASSET_SYMBOL_EXTENSIONS = YES;
				CLANG_ANALYZER_NONNULL = YES;
				CLANG_ANALYZER_NUMBER_OBJECT_CONVERSION = YES_AGGRESSIVE;
				CLANG_CXX_LANGUAGE_STANDARD = "gnu++20";
				CLANG_ENABLE_MODULES = YES;
				CLANG_ENABLE_OBJC_ARC = YES;
				CLANG_ENABLE_OBJC_WEAK = YES;
				CLANG_WARN_BLOCK_CAPTURE_AUTORELEASING = YES;
				CLANG_WARN_BOOL_CONVERSION = YES;
				CLANG_WARN_COMMA = YES;
				CLANG_WARN_CONSTANT_CONVERSION = YES;
				CLANG_WARN_DEPRECATED_OBJC_IMPLEMENTATIONS = YES;
				CLANG_WARN_DIRECT_OBJC_ISA_USAGE = YES_ERROR;
				CLANG_WARN_DOCUMENTATION_COMMENTS = YES;
				CLANG_WARN_EMPTY_BODY = YES;
				CLANG_WARN_ENUM_CONVERSION = YES;
				CLANG_WARN_INFINITE_RECURSION = YES;
				CLANG_WARN_INT_CONVERSION = YES;
				CLANG_WARN_NON_LITERAL_NULL_CONVERSION = YES;
				CLANG_WARN_OBJC_IMPLICIT_RETAIN_SELF = YES;
				CLANG_WARN_OBJC_LITERAL_CONVERSION = YES;
				CLANG_WARN_OBJC_ROOT_CLASS = YES_ERROR;
				CLANG_WARN_QUOTED_INCLUDE_IN_FRAMEWORK_HEADER = YES;
				CLANG_WARN_RANGE_LOOP_ANALYSIS = YES;
				CLANG_WARN_STRICT_PROTOTYPES = YES;
				CLANG_WARN_SUSPICIOUS_MOVE = YES;
				CLANG_WARN_UNGUARDED_AVAILABILITY = YES_AGGRESSIVE;
				CLANG_WARN_UNREACHABLE_CODE = YES;
				CLANG_WARN__DUPLICATE_METHOD_MATCH = YES;
				COPY_PHASE_STRIP = NO;
				DEBUG_INFORMATION_FORMAT = dwarf;
				ENABLE_STRICT_OBJC_MSGSEND = YES;
				ENABLE_TESTABILITY = YES;
				ENABLE_USER_SCRIPT_SANDBOXING = YES;
				GCC_C_LANGUAGE_STANDARD = gnu17;
				GCC_DYNAMIC_NO_PIC = NO;
				GCC_NO_COMMON_BLOCKS = YES;
				GCC_OPTIMIZATION_LEVEL = 0;
				GCC_PREPROCESSOR_DEFINITIONS = (
					"DEBUG=1",
					"$(inherited)",
				);
				GCC_WARN_64_TO_32_BIT_CONVERSION = YES;
				GCC_WARN_ABOUT_RETURN_TYPE = YES_ERROR;
				GCC_WARN_UNDECLARED_SELECTOR = YES;
				GCC_WARN_UNINITIALIZED_AUTOS = YES_AGGRESSIVE;
				GCC_WARN_UNUSED_FUNCTION = YES;
				GCC_WARN_UNUSED_VARIABLE = YES;
				IPHONEOS_DEPLOYMENT_TARGET = 17.0;
				LOCALIZATION_PREFERS_STRING_CATALOGS = YES;
				MTL_ENABLE_DEBUG_INFO = INCLUDE_SOURCE;
				MTL_FAST_MATH = YES;
				ONLY_ACTIVE_ARCH = YES;
				SDKROOT = iphoneos;
				SWIFT_ACTIVE_COMPILATION_CONDITIONS = "DEBUG $(inherited)";
				SWIFT_OPTIMIZATION_LEVEL = "-Onone";
			};
			name = Debug;
		};
		69004E472AD5C7A200954749 /* Release */ = {
			isa = XCBuildConfiguration;
			buildSettings = {
				ALWAYS_SEARCH_USER_PATHS = NO;
				ASSETCATALOG_COMPILER_GENERATE_SWIFT_ASSET_SYMBOL_EXTENSIONS = YES;
				CLANG_ANALYZER_NONNULL = YES;
				CLANG_ANALYZER_NUMBER_OBJECT_CONVERSION = YES_AGGRESSIVE;
				CLANG_CXX_LANGUAGE_STANDARD = "gnu++20";
				CLANG_ENABLE_MODULES = YES;
				CLANG_ENABLE_OBJC_ARC = YES;
				CLANG_ENABLE_OBJC_WEAK = YES;
				CLANG_WARN_BLOCK_CAPTURE_AUTORELEASING = YES;
				CLANG_WARN_BOOL_CONVERSION = YES;
				CLANG_WARN_COMMA = YES;
				CLANG_WARN_CONSTANT_CONVERSION = YES;
				CLANG_WARN_DEPRECATED_OBJC_IMPLEMENTATIONS = YES;
				CLANG_WARN_DIRECT_OBJC_ISA_USAGE = YES_ERROR;
				CLANG_WARN_DOCUMENTATION_COMMENTS = YES;
				CLANG_WARN_EMPTY_BODY = YES;
				CLANG_WARN_ENUM_CONVERSION = YES;
				CLANG_WARN_INFINITE_RECURSION = YES;
				CLANG_WARN_INT_CONVERSION = YES;
				CLANG_WARN_NON_LITERAL_NULL_CONVERSION = YES;
				CLANG_WARN_OBJC_IMPLICIT_RETAIN_SELF = YES;
				CLANG_WARN_OBJC_LITERAL_CONVERSION = YES;
				CLANG_WARN_OBJC_ROOT_CLASS = YES_ERROR;
				CLANG_WARN_QUOTED_INCLUDE_IN_FRAMEWORK_HEADER = YES;
				CLANG_WARN_RANGE_LOOP_ANALYSIS = YES;
				CLANG_WARN_STRICT_PROTOTYPES = YES;
				CLANG_WARN_SUSPICIOUS_MOVE = YES;
				CLANG_WARN_UNGUARDED_AVAILABILITY = YES_AGGRESSIVE;
				CLANG_WARN_UNREACHABLE_CODE = YES;
				CLANG_WARN__DUPLICATE_METHOD_MATCH = YES;
				COPY_PHASE_STRIP = NO;
				DEBUG_INFORMATION_FORMAT = "dwarf-with-dsym";
				ENABLE_NS_ASSERTIONS = NO;
				ENABLE_STRICT_OBJC_MSGSEND = YES;
				ENABLE_USER_SCRIPT_SANDBOXING = YES;
				GCC_C_LANGUAGE_STANDARD = gnu17;
				GCC_NO_COMMON_BLOCKS = YES;
				GCC_WARN_64_TO_32_BIT_CONVERSION = YES;
				GCC_WARN_ABOUT_RETURN_TYPE = YES_ERROR;
				GCC_WARN_UNDECLARED_SELECTOR = YES;
				GCC_WARN_UNINITIALIZED_AUTOS = YES_AGGRESSIVE;
				GCC_WARN_UNUSED_FUNCTION = YES;
				GCC_WARN_UNUSED_VARIABLE = YES;
				IPHONEOS_DEPLOYMENT_TARGET = 17.0;
				LOCALIZATION_PREFERS_STRING_CATALOGS = YES;
				MTL_ENABLE_DEBUG_INFO = NO;
				MTL_FAST_MATH = YES;
				SDKROOT = iphoneos;
				SWIFT_COMPILATION_MODE = wholemodule;
				VALIDATE_PRODUCT = YES;
			};
			name = Release;
		};
		69004E492AD5C7A200954749 /* Debug */ = {
			isa = XCBuildConfiguration;
			buildSettings = {
				ASSETCATALOG_COMPILER_APPICON_NAME = AppIcon;
				ASSETCATALOG_COMPILER_GLOBAL_ACCENT_COLOR_NAME = AccentColor;
				CODE_SIGN_STYLE = Automatic;
				CURRENT_PROJECT_VERSION = 1;
				DEVELOPMENT_ASSET_PATHS = "\"TMBD/Preview Content\"";
				DEVELOPMENT_TEAM = D4BP3KZY34;
				ENABLE_PREVIEWS = YES;
				GENERATE_INFOPLIST_FILE = YES;
				INFOPLIST_KEY_UIApplicationSceneManifest_Generation = YES;
				INFOPLIST_KEY_UIApplicationSupportsIndirectInputEvents = YES;
				INFOPLIST_KEY_UILaunchScreen_Generation = YES;
				INFOPLIST_KEY_UISupportedInterfaceOrientations_iPad = "UIInterfaceOrientationPortrait UIInterfaceOrientationPortraitUpsideDown UIInterfaceOrientationLandscapeLeft UIInterfaceOrientationLandscapeRight";
				INFOPLIST_KEY_UISupportedInterfaceOrientations_iPhone = "UIInterfaceOrientationPortrait UIInterfaceOrientationLandscapeLeft UIInterfaceOrientationLandscapeRight";
				LD_RUNPATH_SEARCH_PATHS = (
					"$(inherited)",
					"@executable_path/Frameworks",
				);
				MARKETING_VERSION = 1.0;
				PRODUCT_BUNDLE_IDENTIFIER = DEFP.TMBD;
				PRODUCT_NAME = "$(TARGET_NAME)";
				SWIFT_EMIT_LOC_STRINGS = YES;
				SWIFT_VERSION = 5.0;
				TARGETED_DEVICE_FAMILY = "1,2";
			};
			name = Debug;
		};
		69004E4A2AD5C7A200954749 /* Release */ = {
			isa = XCBuildConfiguration;
			buildSettings = {
				ASSETCATALOG_COMPILER_APPICON_NAME = AppIcon;
				ASSETCATALOG_COMPILER_GLOBAL_ACCENT_COLOR_NAME = AccentColor;
				CODE_SIGN_STYLE = Automatic;
				CURRENT_PROJECT_VERSION = 1;
				DEVELOPMENT_ASSET_PATHS = "\"TMBD/Preview Content\"";
				DEVELOPMENT_TEAM = D4BP3KZY34;
				ENABLE_PREVIEWS = YES;
				GENERATE_INFOPLIST_FILE = YES;
				INFOPLIST_KEY_UIApplicationSceneManifest_Generation = YES;
				INFOPLIST_KEY_UIApplicationSupportsIndirectInputEvents = YES;
				INFOPLIST_KEY_UILaunchScreen_Generation = YES;
				INFOPLIST_KEY_UISupportedInterfaceOrientations_iPad = "UIInterfaceOrientationPortrait UIInterfaceOrientationPortraitUpsideDown UIInterfaceOrientationLandscapeLeft UIInterfaceOrientationLandscapeRight";
				INFOPLIST_KEY_UISupportedInterfaceOrientations_iPhone = "UIInterfaceOrientationPortrait UIInterfaceOrientationLandscapeLeft UIInterfaceOrientationLandscapeRight";
				LD_RUNPATH_SEARCH_PATHS = (
					"$(inherited)",
					"@executable_path/Frameworks",
				);
				MARKETING_VERSION = 1.0;
				PRODUCT_BUNDLE_IDENTIFIER = DEFP.TMBD;
				PRODUCT_NAME = "$(TARGET_NAME)";
				SWIFT_EMIT_LOC_STRINGS = YES;
				SWIFT_VERSION = 5.0;
				TARGETED_DEVICE_FAMILY = "1,2";
			};
			name = Release;
		};
		69004E4C2AD5C7A200954749 /* Debug */ = {
			isa = XCBuildConfiguration;
			buildSettings = {
				ALWAYS_EMBED_SWIFT_STANDARD_LIBRARIES = YES;
				BUNDLE_LOADER = "$(TEST_HOST)";
				CODE_SIGN_STYLE = Automatic;
				CURRENT_PROJECT_VERSION = 1;
				DEVELOPMENT_TEAM = D4BP3KZY34;
				GENERATE_INFOPLIST_FILE = YES;
				IPHONEOS_DEPLOYMENT_TARGET = 17.0;
				MARKETING_VERSION = 1.0;
				PRODUCT_BUNDLE_IDENTIFIER = DEFP.TMBDTests;
				PRODUCT_NAME = "$(TARGET_NAME)";
				SWIFT_EMIT_LOC_STRINGS = NO;
				SWIFT_VERSION = 5.0;
				TARGETED_DEVICE_FAMILY = "1,2";
				TEST_HOST = "$(BUILT_PRODUCTS_DIR)/TMBD.app/$(BUNDLE_EXECUTABLE_FOLDER_PATH)/TMBD";
			};
			name = Debug;
		};
		69004E4D2AD5C7A200954749 /* Release */ = {
			isa = XCBuildConfiguration;
			buildSettings = {
				ALWAYS_EMBED_SWIFT_STANDARD_LIBRARIES = YES;
				BUNDLE_LOADER = "$(TEST_HOST)";
				CODE_SIGN_STYLE = Automatic;
				CURRENT_PROJECT_VERSION = 1;
				DEVELOPMENT_TEAM = D4BP3KZY34;
				GENERATE_INFOPLIST_FILE = YES;
				IPHONEOS_DEPLOYMENT_TARGET = 17.0;
				MARKETING_VERSION = 1.0;
				PRODUCT_BUNDLE_IDENTIFIER = DEFP.TMBDTests;
				PRODUCT_NAME = "$(TARGET_NAME)";
				SWIFT_EMIT_LOC_STRINGS = NO;
				SWIFT_VERSION = 5.0;
				TARGETED_DEVICE_FAMILY = "1,2";
				TEST_HOST = "$(BUILT_PRODUCTS_DIR)/TMBD.app/$(BUNDLE_EXECUTABLE_FOLDER_PATH)/TMBD";
			};
			name = Release;
		};
		69004E4F2AD5C7A200954749 /* Debug */ = {
			isa = XCBuildConfiguration;
			buildSettings = {
				ALWAYS_EMBED_SWIFT_STANDARD_LIBRARIES = YES;
				CODE_SIGN_STYLE = Automatic;
				CURRENT_PROJECT_VERSION = 1;
				DEVELOPMENT_TEAM = D4BP3KZY34;
				GENERATE_INFOPLIST_FILE = YES;
				MARKETING_VERSION = 1.0;
				PRODUCT_BUNDLE_IDENTIFIER = DEFP.TMBDUITests;
				PRODUCT_NAME = "$(TARGET_NAME)";
				SWIFT_EMIT_LOC_STRINGS = NO;
				SWIFT_VERSION = 5.0;
				TARGETED_DEVICE_FAMILY = "1,2";
				TEST_TARGET_NAME = TMBD;
			};
			name = Debug;
		};
		69004E502AD5C7A200954749 /* Release */ = {
			isa = XCBuildConfiguration;
			buildSettings = {
				ALWAYS_EMBED_SWIFT_STANDARD_LIBRARIES = YES;
				CODE_SIGN_STYLE = Automatic;
				CURRENT_PROJECT_VERSION = 1;
				DEVELOPMENT_TEAM = D4BP3KZY34;
				GENERATE_INFOPLIST_FILE = YES;
				MARKETING_VERSION = 1.0;
				PRODUCT_BUNDLE_IDENTIFIER = DEFP.TMBDUITests;
				PRODUCT_NAME = "$(TARGET_NAME)";
				SWIFT_EMIT_LOC_STRINGS = NO;
				SWIFT_VERSION = 5.0;
				TARGETED_DEVICE_FAMILY = "1,2";
				TEST_TARGET_NAME = TMBD;
			};
			name = Release;
		};
/* End XCBuildConfiguration section */

/* Begin XCConfigurationList section */
		69004E1F2AD5C7A100954749 /* Build configuration list for PBXProject "TMBD" */ = {
			isa = XCConfigurationList;
			buildConfigurations = (
				69004E462AD5C7A200954749 /* Debug */,
				69004E472AD5C7A200954749 /* Release */,
			);
			defaultConfigurationIsVisible = 0;
			defaultConfigurationName = Release;
		};
		69004E482AD5C7A200954749 /* Build configuration list for PBXNativeTarget "TMBD" */ = {
			isa = XCConfigurationList;
			buildConfigurations = (
				69004E492AD5C7A200954749 /* Debug */,
				69004E4A2AD5C7A200954749 /* Release */,
			);
			defaultConfigurationIsVisible = 0;
			defaultConfigurationName = Release;
		};
		69004E4B2AD5C7A200954749 /* Build configuration list for PBXNativeTarget "TMBDTests" */ = {
			isa = XCConfigurationList;
			buildConfigurations = (
				69004E4C2AD5C7A200954749 /* Debug */,
				69004E4D2AD5C7A200954749 /* Release */,
			);
			defaultConfigurationIsVisible = 0;
			defaultConfigurationName = Release;
		};
		69004E4E2AD5C7A200954749 /* Build configuration list for PBXNativeTarget "TMBDUITests" */ = {
			isa = XCConfigurationList;
			buildConfigurations = (
				69004E4F2AD5C7A200954749 /* Debug */,
				69004E502AD5C7A200954749 /* Release */,
			);
			defaultConfigurationIsVisible = 0;
			defaultConfigurationName = Release;
		};
/* End XCConfigurationList section */

/* Begin XCRemoteSwiftPackageReference section */
		69004E5F2AD5CA2B00954749 /* XCRemoteSwiftPackageReference "Alamofire" */ = {
			isa = XCRemoteSwiftPackageReference;
			repositoryURL = "https://github.com/Alamofire/Alamofire.git";
			requirement = {
				kind = upToNextMajorVersion;
				minimumVersion = 5.8.0;
			};
		};
		69004E622AD5CA3F00954749 /* XCRemoteSwiftPackageReference "SDWebImageSwiftUI" */ = {
			isa = XCRemoteSwiftPackageReference;
			repositoryURL = "https://github.com/SDWebImage/SDWebImageSwiftUI";
			requirement = {
				kind = upToNextMajorVersion;
				minimumVersion = 2.2.3;
			};
		};
		69FBF16C2B5075C900CAE9A7 /* XCRemoteSwiftPackageReference "FlowStacks" */ = {
			isa = XCRemoteSwiftPackageReference;
			repositoryURL = "https://github.com/johnpatrickmorgan/FlowStacks";
			requirement = {
				kind = upToNextMajorVersion;
				minimumVersion = 0.3.8;
			};
		};
/* End XCRemoteSwiftPackageReference section */

/* Begin XCSwiftPackageProductDependency section */
		69004E602AD5CA2B00954749 /* Alamofire */ = {
			isa = XCSwiftPackageProductDependency;
			package = 69004E5F2AD5CA2B00954749 /* XCRemoteSwiftPackageReference "Alamofire" */;
			productName = Alamofire;
		};
		69004E632AD5CA3F00954749 /* SDWebImageSwiftUI */ = {
			isa = XCSwiftPackageProductDependency;
			package = 69004E622AD5CA3F00954749 /* XCRemoteSwiftPackageReference "SDWebImageSwiftUI" */;
			productName = SDWebImageSwiftUI;
		};
		69FBF16D2B5075C900CAE9A7 /* FlowStacks */ = {
			isa = XCSwiftPackageProductDependency;
			package = 69FBF16C2B5075C900CAE9A7 /* XCRemoteSwiftPackageReference "FlowStacks" */;
			productName = FlowStacks;
		};
/* End XCSwiftPackageProductDependency section */
	};
	rootObject = 69004E1C2AD5C7A100954749 /* Project object */;
}
